// !$*UTF8*$!
{
	archiveVersion = 1;
	classes = {
	};
	objectVersion = 56;
	objects = {

/* Begin PBXBuildFile section */
		50DA13567F2DC9955E150D5F /* Pods_ChatApp.framework in Frameworks */ = {isa = PBXBuildFile; fileRef = 1F286848147CB8D541804A51 /* Pods_ChatApp.framework */; };
		BC354F2E2A6ED13D009DB080 /* GoogleService-Info.plist in Resources */ = {isa = PBXBuildFile; fileRef = BC354F2D2A6ED13D009DB080 /* GoogleService-Info.plist */; };
		BC944B8E2A6EEBF400C168D5 /* DatabaseManager.swift in Sources */ = {isa = PBXBuildFile; fileRef = BC944B8D2A6EEBF400C168D5 /* DatabaseManager.swift */; };
		BC944B912A6EED9C00C168D5 /* chatAppUser.swift in Sources */ = {isa = PBXBuildFile; fileRef = BC944B902A6EED9C00C168D5 /* chatAppUser.swift */; };
		BC9CD6702A6D6F9C00DC996B /* AppDelegate.swift in Sources */ = {isa = PBXBuildFile; fileRef = BC9CD66F2A6D6F9C00DC996B /* AppDelegate.swift */; };
		BC9CD6722A6D6F9C00DC996B /* SceneDelegate.swift in Sources */ = {isa = PBXBuildFile; fileRef = BC9CD6712A6D6F9C00DC996B /* SceneDelegate.swift */; };
		BC9CD6742A6D6F9C00DC996B /* ConversationsViewController.swift in Sources */ = {isa = PBXBuildFile; fileRef = BC9CD6732A6D6F9C00DC996B /* ConversationsViewController.swift */; };
		BC9CD6772A6D6F9C00DC996B /* Main.storyboard in Resources */ = {isa = PBXBuildFile; fileRef = BC9CD6752A6D6F9C00DC996B /* Main.storyboard */; };
		BC9CD6792A6D6F9E00DC996B /* Assets.xcassets in Resources */ = {isa = PBXBuildFile; fileRef = BC9CD6782A6D6F9E00DC996B /* Assets.xcassets */; };
		BC9CD67C2A6D6F9E00DC996B /* LaunchScreen.storyboard in Resources */ = {isa = PBXBuildFile; fileRef = BC9CD67A2A6D6F9E00DC996B /* LaunchScreen.storyboard */; };
		BC9CD68A2A6D761700DC996B /* LoginViewController.swift in Sources */ = {isa = PBXBuildFile; fileRef = BC9CD6892A6D761700DC996B /* LoginViewController.swift */; };
		BC9CD68C2A6D762600DC996B /* RegisterViewController.swift in Sources */ = {isa = PBXBuildFile; fileRef = BC9CD68B2A6D762600DC996B /* RegisterViewController.swift */; };
		BC9CD68E2A6D764300DC996B /* PhotoViewerViewController.swift in Sources */ = {isa = PBXBuildFile; fileRef = BC9CD68D2A6D764300DC996B /* PhotoViewerViewController.swift */; };
		BC9CD6902A6D765200DC996B /* VideoPlayerViewController.swift in Sources */ = {isa = PBXBuildFile; fileRef = BC9CD68F2A6D765200DC996B /* VideoPlayerViewController.swift */; };
		BC9CD6922A6D766E00DC996B /* NewConversationViewController.swift in Sources */ = {isa = PBXBuildFile; fileRef = BC9CD6912A6D766E00DC996B /* NewConversationViewController.swift */; };
		BC9CD6942A6D768400DC996B /* ProfileViewController.swift in Sources */ = {isa = PBXBuildFile; fileRef = BC9CD6932A6D768400DC996B /* ProfileViewController.swift */; };
		BC9CD6972A6D7F6300DC996B /* Extensions.swift in Sources */ = {isa = PBXBuildFile; fileRef = BC9CD6962A6D7F6300DC996B /* Extensions.swift */; };
/* End PBXBuildFile section */

/* Begin PBXFileReference section */
		1F286848147CB8D541804A51 /* Pods_ChatApp.framework */ = {isa = PBXFileReference; explicitFileType = wrapper.framework; includeInIndex = 0; path = Pods_ChatApp.framework; sourceTree = BUILT_PRODUCTS_DIR; };
		575406020CEA0A03C5AC342E /* Pods-ChatApp.debug.xcconfig */ = {isa = PBXFileReference; includeInIndex = 1; lastKnownFileType = text.xcconfig; name = "Pods-ChatApp.debug.xcconfig"; path = "Target Support Files/Pods-ChatApp/Pods-ChatApp.debug.xcconfig"; sourceTree = "<group>"; };
		BC354F2D2A6ED13D009DB080 /* GoogleService-Info.plist */ = {isa = PBXFileReference; fileEncoding = 4; lastKnownFileType = text.plist.xml; path = "GoogleService-Info.plist"; sourceTree = "<group>"; };
		BC944B8D2A6EEBF400C168D5 /* DatabaseManager.swift */ = {isa = PBXFileReference; lastKnownFileType = sourcecode.swift; path = DatabaseManager.swift; sourceTree = "<group>"; };
		BC944B902A6EED9C00C168D5 /* chatAppUser.swift */ = {isa = PBXFileReference; lastKnownFileType = sourcecode.swift; path = chatAppUser.swift; sourceTree = "<group>"; };
		BC9CD66C2A6D6F9C00DC996B /* ChatApp.app */ = {isa = PBXFileReference; explicitFileType = wrapper.application; includeInIndex = 0; path = ChatApp.app; sourceTree = BUILT_PRODUCTS_DIR; };
		BC9CD66F2A6D6F9C00DC996B /* AppDelegate.swift */ = {isa = PBXFileReference; lastKnownFileType = sourcecode.swift; path = AppDelegate.swift; sourceTree = "<group>"; };
		BC9CD6712A6D6F9C00DC996B /* SceneDelegate.swift */ = {isa = PBXFileReference; lastKnownFileType = sourcecode.swift; path = SceneDelegate.swift; sourceTree = "<group>"; };
		BC9CD6732A6D6F9C00DC996B /* ConversationsViewController.swift */ = {isa = PBXFileReference; lastKnownFileType = sourcecode.swift; path = ConversationsViewController.swift; sourceTree = "<group>"; };
		BC9CD6762A6D6F9C00DC996B /* Base */ = {isa = PBXFileReference; lastKnownFileType = file.storyboard; name = Base; path = Base.lproj/Main.storyboard; sourceTree = "<group>"; };
		BC9CD6782A6D6F9E00DC996B /* Assets.xcassets */ = {isa = PBXFileReference; lastKnownFileType = folder.assetcatalog; path = Assets.xcassets; sourceTree = "<group>"; };
		BC9CD67B2A6D6F9E00DC996B /* Base */ = {isa = PBXFileReference; lastKnownFileType = file.storyboard; name = Base; path = Base.lproj/LaunchScreen.storyboard; sourceTree = "<group>"; };
		BC9CD67D2A6D6F9E00DC996B /* Info.plist */ = {isa = PBXFileReference; lastKnownFileType = text.plist.xml; path = Info.plist; sourceTree = "<group>"; };
		BC9CD6892A6D761700DC996B /* LoginViewController.swift */ = {isa = PBXFileReference; lastKnownFileType = sourcecode.swift; path = LoginViewController.swift; sourceTree = "<group>"; };
		BC9CD68B2A6D762600DC996B /* RegisterViewController.swift */ = {isa = PBXFileReference; lastKnownFileType = sourcecode.swift; path = RegisterViewController.swift; sourceTree = "<group>"; };
		BC9CD68D2A6D764300DC996B /* PhotoViewerViewController.swift */ = {isa = PBXFileReference; lastKnownFileType = sourcecode.swift; path = PhotoViewerViewController.swift; sourceTree = "<group>"; };
		BC9CD68F2A6D765200DC996B /* VideoPlayerViewController.swift */ = {isa = PBXFileReference; lastKnownFileType = sourcecode.swift; path = VideoPlayerViewController.swift; sourceTree = "<group>"; };
		BC9CD6912A6D766E00DC996B /* NewConversationViewController.swift */ = {isa = PBXFileReference; lastKnownFileType = sourcecode.swift; path = NewConversationViewController.swift; sourceTree = "<group>"; };
		BC9CD6932A6D768400DC996B /* ProfileViewController.swift */ = {isa = PBXFileReference; lastKnownFileType = sourcecode.swift; path = ProfileViewController.swift; sourceTree = "<group>"; };
		BC9CD6962A6D7F6300DC996B /* Extensions.swift */ = {isa = PBXFileReference; lastKnownFileType = sourcecode.swift; path = Extensions.swift; sourceTree = "<group>"; };
		ED8BB6FF454FF7142021404A /* Pods-ChatApp.release.xcconfig */ = {isa = PBXFileReference; includeInIndex = 1; lastKnownFileType = text.xcconfig; name = "Pods-ChatApp.release.xcconfig"; path = "Target Support Files/Pods-ChatApp/Pods-ChatApp.release.xcconfig"; sourceTree = "<group>"; };
/* End PBXFileReference section */

/* Begin PBXFrameworksBuildPhase section */
		BC9CD6692A6D6F9C00DC996B /* Frameworks */ = {
			isa = PBXFrameworksBuildPhase;
			buildActionMask = 2147483647;
			files = (
				50DA13567F2DC9955E150D5F /* Pods_ChatApp.framework in Frameworks */,
			);
			runOnlyForDeploymentPostprocessing = 0;
		};
/* End PBXFrameworksBuildPhase section */

/* Begin PBXGroup section */
		BC9CD6632A6D6F9C00DC996B = {
			isa = PBXGroup;
			children = (
				BC9CD66E2A6D6F9C00DC996B /* ChatApp */,
				BC9CD66D2A6D6F9C00DC996B /* Products */,
				E11321F4F9B2627A7CF15A09 /* Pods */,
				C9B1C180EEB5EAC8FA15C867 /* Frameworks */,
			);
			sourceTree = "<group>";
		};
		BC9CD66D2A6D6F9C00DC996B /* Products */ = {
			isa = PBXGroup;
			children = (
				BC9CD66C2A6D6F9C00DC996B /* ChatApp.app */,
			);
			name = Products;
			sourceTree = "<group>";
		};
		BC9CD66E2A6D6F9C00DC996B /* ChatApp */ = {
			isa = PBXGroup;
			children = (
				BC9CD6872A6D743500DC996B /* Resources */,
				BC9CD6862A6D742900DC996B /* ViewModels */,
				BC9CD6852A6D741800DC996B /* Models */,
				BC9CD6842A6D740600DC996B /* Views */,
				BC9CD6832A6D73F300DC996B /* Controllers */,
				BC9CD67D2A6D6F9E00DC996B /* Info.plist */,
				BC354F2D2A6ED13D009DB080 /* GoogleService-Info.plist */,
			);
			path = ChatApp;
			sourceTree = "<group>";
		};
		BC9CD6832A6D73F300DC996B /* Controllers */ = {
			isa = PBXGroup;
			children = (
				BC9CD6732A6D6F9C00DC996B /* ConversationsViewController.swift */,
				BC9CD6952A6D77D700DC996B /* Login  Register */,
				BC9CD68D2A6D764300DC996B /* PhotoViewerViewController.swift */,
				BC9CD68F2A6D765200DC996B /* VideoPlayerViewController.swift */,
				BC9CD6912A6D766E00DC996B /* NewConversationViewController.swift */,
				BC9CD6932A6D768400DC996B /* ProfileViewController.swift */,
			);
			path = Controllers;
			sourceTree = "<group>";
		};
		BC9CD6842A6D740600DC996B /* Views */ = {
			isa = PBXGroup;
			children = (
				BC9CD6882A6D747000DC996B /* StoryBoards */,
				BC9CD6782A6D6F9E00DC996B /* Assets.xcassets */,
			);
			path = Views;
			sourceTree = "<group>";
		};
		BC9CD6852A6D741800DC996B /* Models */ = {
			isa = PBXGroup;
			children = (
				BC944B902A6EED9C00C168D5 /* chatAppUser.swift */,
			);
			path = Models;
			sourceTree = "<group>";
		};
		BC9CD6862A6D742900DC996B /* ViewModels */ = {
			isa = PBXGroup;
			children = (
			);
			path = ViewModels;
			sourceTree = "<group>";
		};
		BC9CD6872A6D743500DC996B /* Resources */ = {
			isa = PBXGroup;
			children = (
				BC9CD66F2A6D6F9C00DC996B /* AppDelegate.swift */,
				BC9CD6712A6D6F9C00DC996B /* SceneDelegate.swift */,
				BC9CD6962A6D7F6300DC996B /* Extensions.swift */,
				BC944B8D2A6EEBF400C168D5 /* DatabaseManager.swift */,
			);
			path = Resources;
			sourceTree = "<group>";
		};
		BC9CD6882A6D747000DC996B /* StoryBoards */ = {
			isa = PBXGroup;
			children = (
				BC9CD6752A6D6F9C00DC996B /* Main.storyboard */,
				BC9CD67A2A6D6F9E00DC996B /* LaunchScreen.storyboard */,
			);
			path = StoryBoards;
			sourceTree = "<group>";
		};
		BC9CD6952A6D77D700DC996B /* Login  Register */ = {
			isa = PBXGroup;
			children = (
				BC9CD6892A6D761700DC996B /* LoginViewController.swift */,
				BC9CD68B2A6D762600DC996B /* RegisterViewController.swift */,
			);
			path = "Login  Register";
			sourceTree = "<group>";
		};
		C9B1C180EEB5EAC8FA15C867 /* Frameworks */ = {
			isa = PBXGroup;
			children = (
				1F286848147CB8D541804A51 /* Pods_ChatApp.framework */,
			);
			name = Frameworks;
			sourceTree = "<group>";
		};
		E11321F4F9B2627A7CF15A09 /* Pods */ = {
			isa = PBXGroup;
			children = (
				575406020CEA0A03C5AC342E /* Pods-ChatApp.debug.xcconfig */,
				ED8BB6FF454FF7142021404A /* Pods-ChatApp.release.xcconfig */,
			);
			path = Pods;
			sourceTree = "<group>";
		};
/* End PBXGroup section */

/* Begin PBXNativeTarget section */
		BC9CD66B2A6D6F9C00DC996B /* ChatApp */ = {
			isa = PBXNativeTarget;
			buildConfigurationList = BC9CD6802A6D6F9E00DC996B /* Build configuration list for PBXNativeTarget "ChatApp" */;
			buildPhases = (
				E1439BE046143070B403790C /* [CP] Check Pods Manifest.lock */,
				BC9CD6682A6D6F9C00DC996B /* Sources */,
				BC9CD6692A6D6F9C00DC996B /* Frameworks */,
				BC9CD66A2A6D6F9C00DC996B /* Resources */,
				9B989696F465DED4F017ECD1 /* [CP] Embed Pods Frameworks */,
			);
			buildRules = (
			);
			dependencies = (
			);
			name = ChatApp;
			productName = ChatApp;
			productReference = BC9CD66C2A6D6F9C00DC996B /* ChatApp.app */;
			productType = "com.apple.product-type.application";
		};
/* End PBXNativeTarget section */

/* Begin PBXProject section */
		BC9CD6642A6D6F9C00DC996B /* Project object */ = {
			isa = PBXProject;
			attributes = {
				BuildIndependentTargetsInParallel = 1;
				LastSwiftUpdateCheck = 1420;
				LastUpgradeCheck = 1420;
				TargetAttributes = {
					BC9CD66B2A6D6F9C00DC996B = {
						CreatedOnToolsVersion = 14.2;
					};
				};
			};
			buildConfigurationList = BC9CD6672A6D6F9C00DC996B /* Build configuration list for PBXProject "ChatApp" */;
			compatibilityVersion = "Xcode 14.0";
			developmentRegion = en;
			hasScannedForEncodings = 0;
			knownRegions = (
				en,
				Base,
			);
			mainGroup = BC9CD6632A6D6F9C00DC996B;
			productRefGroup = BC9CD66D2A6D6F9C00DC996B /* Products */;
			projectDirPath = "";
			projectRoot = "";
			targets = (
				BC9CD66B2A6D6F9C00DC996B /* ChatApp */,
			);
		};
/* End PBXProject section */

/* Begin PBXResourcesBuildPhase section */
		BC9CD66A2A6D6F9C00DC996B /* Resources */ = {
			isa = PBXResourcesBuildPhase;
			buildActionMask = 2147483647;
			files = (
				BC9CD67C2A6D6F9E00DC996B /* LaunchScreen.storyboard in Resources */,
				BC354F2E2A6ED13D009DB080 /* GoogleService-Info.plist in Resources */,
				BC9CD6792A6D6F9E00DC996B /* Assets.xcassets in Resources */,
				BC9CD6772A6D6F9C00DC996B /* Main.storyboard in Resources */,
			);
			runOnlyForDeploymentPostprocessing = 0;
		};
/* End PBXResourcesBuildPhase section */

/* Begin PBXShellScriptBuildPhase section */
		9B989696F465DED4F017ECD1 /* [CP] Embed Pods Frameworks */ = {
			isa = PBXShellScriptBuildPhase;
			buildActionMask = 2147483647;
			files = (
			);
			inputFileListPaths = (
				"${PODS_ROOT}/Target Support Files/Pods-ChatApp/Pods-ChatApp-frameworks-${CONFIGURATION}-input-files.xcfilelist",
			);
			name = "[CP] Embed Pods Frameworks";
			outputFileListPaths = (
				"${PODS_ROOT}/Target Support Files/Pods-ChatApp/Pods-ChatApp-frameworks-${CONFIGURATION}-output-files.xcfilelist",
			);
			runOnlyForDeploymentPostprocessing = 0;
			shellPath = /bin/sh;
			shellScript = "\"${PODS_ROOT}/Target Support Files/Pods-ChatApp/Pods-ChatApp-frameworks.sh\"\n";
			showEnvVarsInLog = 0;
		};
		E1439BE046143070B403790C /* [CP] Check Pods Manifest.lock */ = {
			isa = PBXShellScriptBuildPhase;
			buildActionMask = 2147483647;
			files = (
			);
			inputFileListPaths = (
			);
			inputPaths = (
				"${PODS_PODFILE_DIR_PATH}/Podfile.lock",
				"${PODS_ROOT}/Manifest.lock",
			);
			name = "[CP] Check Pods Manifest.lock";
			outputFileListPaths = (
			);
			outputPaths = (
				"$(DERIVED_FILE_DIR)/Pods-ChatApp-checkManifestLockResult.txt",
			);
			runOnlyForDeploymentPostprocessing = 0;
			shellPath = /bin/sh;
			shellScript = "diff \"${PODS_PODFILE_DIR_PATH}/Podfile.lock\" \"${PODS_ROOT}/Manifest.lock\" > /dev/null\nif [ $? != 0 ] ; then\n    # print error to STDERR\n    echo \"error: The sandbox is not in sync with the Podfile.lock. Run 'pod install' or update your CocoaPods installation.\" >&2\n    exit 1\nfi\n# This output is used by Xcode 'outputs' to avoid re-running this script phase.\necho \"SUCCESS\" > \"${SCRIPT_OUTPUT_FILE_0}\"\n";
			showEnvVarsInLog = 0;
		};
/* End PBXShellScriptBuildPhase section */

/* Begin PBXSourcesBuildPhase section */
		BC9CD6682A6D6F9C00DC996B /* Sources */ = {
			isa = PBXSourcesBuildPhase;
			buildActionMask = 2147483647;
			files = (
				BC9CD68A2A6D761700DC996B /* LoginViewController.swift in Sources */,
				BC944B912A6EED9C00C168D5 /* chatAppUser.swift in Sources */,
				BC944B8E2A6EEBF400C168D5 /* DatabaseManager.swift in Sources */,
				BC9CD68C2A6D762600DC996B /* RegisterViewController.swift in Sources */,
				BC9CD6922A6D766E00DC996B /* NewConversationViewController.swift in Sources */,
				BC9CD6742A6D6F9C00DC996B /* ConversationsViewController.swift in Sources */,
				BC9CD6902A6D765200DC996B /* VideoPlayerViewController.swift in Sources */,
				BC9CD6972A6D7F6300DC996B /* Extensions.swift in Sources */,
				BC9CD6702A6D6F9C00DC996B /* AppDelegate.swift in Sources */,
				BC9CD6942A6D768400DC996B /* ProfileViewController.swift in Sources */,
				BC9CD6722A6D6F9C00DC996B /* SceneDelegate.swift in Sources */,
				BC9CD68E2A6D764300DC996B /* PhotoViewerViewController.swift in Sources */,
			);
			runOnlyForDeploymentPostprocessing = 0;
		};
/* End PBXSourcesBuildPhase section */

/* Begin PBXVariantGroup section */
		BC9CD6752A6D6F9C00DC996B /* Main.storyboard */ = {
			isa = PBXVariantGroup;
			children = (
				BC9CD6762A6D6F9C00DC996B /* Base */,
			);
			name = Main.storyboard;
			sourceTree = "<group>";
		};
		BC9CD67A2A6D6F9E00DC996B /* LaunchScreen.storyboard */ = {
			isa = PBXVariantGroup;
			children = (
				BC9CD67B2A6D6F9E00DC996B /* Base */,
			);
			name = LaunchScreen.storyboard;
			sourceTree = "<group>";
		};
/* End PBXVariantGroup section */

/* Begin XCBuildConfiguration section */
		BC9CD67E2A6D6F9E00DC996B /* Debug */ = {
			isa = XCBuildConfiguration;
			buildSettings = {
				ALWAYS_SEARCH_USER_PATHS = NO;
				CLANG_ANALYZER_NONNULL = YES;
				CLANG_ANALYZER_NUMBER_OBJECT_CONVERSION = YES_AGGRESSIVE;
				CLANG_CXX_LANGUAGE_STANDARD = "gnu++20";
				CLANG_ENABLE_MODULES = YES;
				CLANG_ENABLE_OBJC_ARC = YES;
				CLANG_ENABLE_OBJC_WEAK = YES;
				CLANG_WARN_BLOCK_CAPTURE_AUTORELEASING = YES;
				CLANG_WARN_BOOL_CONVERSION = YES;
				CLANG_WARN_COMMA = YES;
				CLANG_WARN_CONSTANT_CONVERSION = YES;
				CLANG_WARN_DEPRECATED_OBJC_IMPLEMENTATIONS = YES;
				CLANG_WARN_DIRECT_OBJC_ISA_USAGE = YES_ERROR;
				CLANG_WARN_DOCUMENTATION_COMMENTS = YES;
				CLANG_WARN_EMPTY_BODY = YES;
				CLANG_WARN_ENUM_CONVERSION = YES;
				CLANG_WARN_INFINITE_RECURSION = YES;
				CLANG_WARN_INT_CONVERSION = YES;
				CLANG_WARN_NON_LITERAL_NULL_CONVERSION = YES;
				CLANG_WARN_OBJC_IMPLICIT_RETAIN_SELF = YES;
				CLANG_WARN_OBJC_LITERAL_CONVERSION = YES;
				CLANG_WARN_OBJC_ROOT_CLASS = YES_ERROR;
				CLANG_WARN_QUOTED_INCLUDE_IN_FRAMEWORK_HEADER = YES;
				CLANG_WARN_RANGE_LOOP_ANALYSIS = YES;
				CLANG_WARN_STRICT_PROTOTYPES = YES;
				CLANG_WARN_SUSPICIOUS_MOVE = YES;
				CLANG_WARN_UNGUARDED_AVAILABILITY = YES_AGGRESSIVE;
				CLANG_WARN_UNREACHABLE_CODE = YES;
				CLANG_WARN__DUPLICATE_METHOD_MATCH = YES;
				COPY_PHASE_STRIP = NO;
				DEBUG_INFORMATION_FORMAT = dwarf;
				ENABLE_STRICT_OBJC_MSGSEND = YES;
				ENABLE_TESTABILITY = YES;
				GCC_C_LANGUAGE_STANDARD = gnu11;
				GCC_DYNAMIC_NO_PIC = NO;
				GCC_NO_COMMON_BLOCKS = YES;
				GCC_OPTIMIZATION_LEVEL = 0;
				GCC_PREPROCESSOR_DEFINITIONS = (
					"DEBUG=1",
					"$(inherited)",
				);
				GCC_WARN_64_TO_32_BIT_CONVERSION = YES;
				GCC_WARN_ABOUT_RETURN_TYPE = YES_ERROR;
				GCC_WARN_UNDECLARED_SELECTOR = YES;
				GCC_WARN_UNINITIALIZED_AUTOS = YES_AGGRESSIVE;
				GCC_WARN_UNUSED_FUNCTION = YES;
				GCC_WARN_UNUSED_VARIABLE = YES;
				IPHONEOS_DEPLOYMENT_TARGET = 16.2;
				MTL_ENABLE_DEBUG_INFO = INCLUDE_SOURCE;
				MTL_FAST_MATH = YES;
				ONLY_ACTIVE_ARCH = YES;
				SDKROOT = iphoneos;
				SWIFT_ACTIVE_COMPILATION_CONDITIONS = DEBUG;
				SWIFT_OPTIMIZATION_LEVEL = "-Onone";
			};
			name = Debug;
		};
		BC9CD67F2A6D6F9E00DC996B /* Release */ = {
			isa = XCBuildConfiguration;
			buildSettings = {
				ALWAYS_SEARCH_USER_PATHS = NO;
				CLANG_ANALYZER_NONNULL = YES;
				CLANG_ANALYZER_NUMBER_OBJECT_CONVERSION = YES_AGGRESSIVE;
				CLANG_CXX_LANGUAGE_STANDARD = "gnu++20";
				CLANG_ENABLE_MODULES = YES;
				CLANG_ENABLE_OBJC_ARC = YES;
				CLANG_ENABLE_OBJC_WEAK = YES;
				CLANG_WARN_BLOCK_CAPTURE_AUTORELEASING = YES;
				CLANG_WARN_BOOL_CONVERSION = YES;
				CLANG_WARN_COMMA = YES;
				CLANG_WARN_CONSTANT_CONVERSION = YES;
				CLANG_WARN_DEPRECATED_OBJC_IMPLEMENTATIONS = YES;
				CLANG_WARN_DIRECT_OBJC_ISA_USAGE = YES_ERROR;
				CLANG_WARN_DOCUMENTATION_COMMENTS = YES;
				CLANG_WARN_EMPTY_BODY = YES;
				CLANG_WARN_ENUM_CONVERSION = YES;
				CLANG_WARN_INFINITE_RECURSION = YES;
				CLANG_WARN_INT_CONVERSION = YES;
				CLANG_WARN_NON_LITERAL_NULL_CONVERSION = YES;
				CLANG_WARN_OBJC_IMPLICIT_RETAIN_SELF = YES;
				CLANG_WARN_OBJC_LITERAL_CONVERSION = YES;
				CLANG_WARN_OBJC_ROOT_CLASS = YES_ERROR;
				CLANG_WARN_QUOTED_INCLUDE_IN_FRAMEWORK_HEADER = YES;
				CLANG_WARN_RANGE_LOOP_ANALYSIS = YES;
				CLANG_WARN_STRICT_PROTOTYPES = YES;
				CLANG_WARN_SUSPICIOUS_MOVE = YES;
				CLANG_WARN_UNGUARDED_AVAILABILITY = YES_AGGRESSIVE;
				CLANG_WARN_UNREACHABLE_CODE = YES;
				CLANG_WARN__DUPLICATE_METHOD_MATCH = YES;
				COPY_PHASE_STRIP = NO;
				DEBUG_INFORMATION_FORMAT = "dwarf-with-dsym";
				ENABLE_NS_ASSERTIONS = NO;
				ENABLE_STRICT_OBJC_MSGSEND = YES;
				GCC_C_LANGUAGE_STANDARD = gnu11;
				GCC_NO_COMMON_BLOCKS = YES;
				GCC_WARN_64_TO_32_BIT_CONVERSION = YES;
				GCC_WARN_ABOUT_RETURN_TYPE = YES_ERROR;
				GCC_WARN_UNDECLARED_SELECTOR = YES;
				GCC_WARN_UNINITIALIZED_AUTOS = YES_AGGRESSIVE;
				GCC_WARN_UNUSED_FUNCTION = YES;
				GCC_WARN_UNUSED_VARIABLE = YES;
				IPHONEOS_DEPLOYMENT_TARGET = 16.2;
				MTL_ENABLE_DEBUG_INFO = NO;
				MTL_FAST_MATH = YES;
				SDKROOT = iphoneos;
				SWIFT_COMPILATION_MODE = wholemodule;
				SWIFT_OPTIMIZATION_LEVEL = "-O";
				VALIDATE_PRODUCT = YES;
			};
			name = Release;
		};
		BC9CD6812A6D6F9E00DC996B /* Debug */ = {
			isa = XCBuildConfiguration;
			baseConfigurationReference = 575406020CEA0A03C5AC342E /* Pods-ChatApp.debug.xcconfig */;
			buildSettings = {
				ASSETCATALOG_COMPILER_APPICON_NAME = AppIcon;
				ASSETCATALOG_COMPILER_GLOBAL_ACCENT_COLOR_NAME = AccentColor;
				CODE_SIGN_STYLE = Automatic;
				CURRENT_PROJECT_VERSION = 1;
				DEVELOPMENT_TEAM = Q5C2J9JLK8;
				GENERATE_INFOPLIST_FILE = YES;
				INFOPLIST_FILE = ChatApp/Info.plist;
				INFOPLIST_KEY_UIApplicationSupportsIndirectInputEvents = YES;
				INFOPLIST_KEY_UILaunchStoryboardName = LaunchScreen;
				INFOPLIST_KEY_UIMainStoryboardFile = Main;
				INFOPLIST_KEY_UISupportedInterfaceOrientations = UIInterfaceOrientationPortrait;
				INFOPLIST_KEY_UISupportedInterfaceOrientations_iPad = "UIInterfaceOrientationPortrait UIInterfaceOrientationPortraitUpsideDown";
				IPHONEOS_DEPLOYMENT_TARGET = 16.2;
				LD_RUNPATH_SEARCH_PATHS = (
					"$(inherited)",
					"@executable_path/Frameworks",
				);
				MARKETING_VERSION = 1.0;
				PRODUCT_BUNDLE_IDENTIFIER = home.ChatApp;
				PRODUCT_NAME = "$(TARGET_NAME)";
				SWIFT_EMIT_LOC_STRINGS = YES;
				SWIFT_VERSION = 5.0;
				TARGETED_DEVICE_FAMILY = "1,2";
			};
			name = Debug;
		};
		BC9CD6822A6D6F9E00DC996B /* Release */ = {
			isa = XCBuildConfiguration;
			baseConfigurationReference = ED8BB6FF454FF7142021404A /* Pods-ChatApp.release.xcconfig */;
			buildSettings = {
				ASSETCATALOG_COMPILER_APPICON_NAME = AppIcon;
				ASSETCATALOG_COMPILER_GLOBAL_ACCENT_COLOR_NAME = AccentColor;
				CODE_SIGN_STYLE = Automatic;
				CURRENT_PROJECT_VERSION = 1;
				DEVELOPMENT_TEAM = Q5C2J9JLK8;
				GENERATE_INFOPLIST_FILE = YES;
				INFOPLIST_FILE = ChatApp/Info.plist;
				INFOPLIST_KEY_UIApplicationSupportsIndirectInputEvents = YES;
				INFOPLIST_KEY_UILaunchStoryboardName = LaunchScreen;
				INFOPLIST_KEY_UIMainStoryboardFile = Main;
				INFOPLIST_KEY_UISupportedInterfaceOrientations = UIInterfaceOrientationPortrait;
				INFOPLIST_KEY_UISupportedInterfaceOrientations_iPad = "UIInterfaceOrientationPortrait UIInterfaceOrientationPortraitUpsideDown";
				IPHONEOS_DEPLOYMENT_TARGET = 16.2;
				LD_RUNPATH_SEARCH_PATHS = (
					"$(inherited)",
					"@executable_path/Frameworks",
				);
				MARKETING_VERSION = 1.0;
				PRODUCT_BUNDLE_IDENTIFIER = home.ChatApp;
				PRODUCT_NAME = "$(TARGET_NAME)";
				SWIFT_EMIT_LOC_STRINGS = YES;
				SWIFT_VERSION = 5.0;
				TARGETED_DEVICE_FAMILY = "1,2";
			};
			name = Release;
		};
/* End XCBuildConfiguration section */

/* Begin XCConfigurationList section */
		BC9CD6672A6D6F9C00DC996B /* Build configuration list for PBXProject "ChatApp" */ = {
			isa = XCConfigurationList;
			buildConfigurations = (
				BC9CD67E2A6D6F9E00DC996B /* Debug */,
				BC9CD67F2A6D6F9E00DC996B /* Release */,
			);
			defaultConfigurationIsVisible = 0;
			defaultConfigurationName = Release;
		};
		BC9CD6802A6D6F9E00DC996B /* Build configuration list for PBXNativeTarget "ChatApp" */ = {
			isa = XCConfigurationList;
			buildConfigurations = (
				BC9CD6812A6D6F9E00DC996B /* Debug */,
				BC9CD6822A6D6F9E00DC996B /* Release */,
			);
			defaultConfigurationIsVisible = 0;
			defaultConfigurationName = Release;
		};
/* End XCConfigurationList section */
	};
	rootObject = BC9CD6642A6D6F9C00DC996B /* Project object */;
}
